// !$*UTF8*$!
{
	archiveVersion = 1;
	classes = {
	};
	objectVersion = 50;
	objects = {

/* Begin PBXBuildFile section */
		7555FF7F242A565900829871 /* AppDelegate.swift in Sources */ = {isa = PBXBuildFile; fileRef = 7555FF7E242A565900829871 /* AppDelegate.swift */; };
		7555FF81242A565900829871 /* SceneDelegate.swift in Sources */ = {isa = PBXBuildFile; fileRef = 7555FF80242A565900829871 /* SceneDelegate.swift */; };
		7555FF85242A565B00829871 /* Assets.xcassets in Resources */ = {isa = PBXBuildFile; fileRef = 7555FF84242A565B00829871 /* Assets.xcassets */; };
		7555FF88242A565B00829871 /* Preview Assets.xcassets in Resources */ = {isa = PBXBuildFile; fileRef = 7555FF87242A565B00829871 /* Preview Assets.xcassets */; };
		7555FF8B242A565B00829871 /* LaunchScreen.storyboard in Resources */ = {isa = PBXBuildFile; fileRef = 7555FF89242A565B00829871 /* LaunchScreen.storyboard */; };
		7555FF96242A565B00829871 /* iosAppTests.swift in Sources */ = {isa = PBXBuildFile; fileRef = 7555FF95242A565B00829871 /* iosAppTests.swift */; };
		7555FFA1242A565B00829871 /* iosAppUITests.swift in Sources */ = {isa = PBXBuildFile; fileRef = 7555FFA0242A565B00829871 /* iosAppUITests.swift */; };
		7555FFB2242A642300829871 /* shared.framework in Frameworks */ = {isa = PBXBuildFile; fileRef = 7555FFB1242A642300829871 /* shared.framework */; };
		7555FFB3242A642300829871 /* shared.framework in Embed Frameworks */ = {isa = PBXBuildFile; fileRef = 7555FFB1242A642300829871 /* shared.framework */; settings = {ATTRIBUTES = (CodeSignOnCopy, RemoveHeadersOnCopy, ); }; };
		D60B08B6253CCD840053C558 /* DefinitionsViewController.xib in Resources */ = {isa = PBXBuildFile; fileRef = D60B08B5253CCD840053C558 /* DefinitionsViewController.xib */; };
		D60B08B9253CD12F0053C558 /* SimpleAdapter.swift in Sources */ = {isa = PBXBuildFile; fileRef = D60B08B8253CD12F0053C558 /* SimpleAdapter.swift */; };
		D60B08BC253CD7770053C558 /* SelfSizingCell.swift in Sources */ = {isa = PBXBuildFile; fileRef = D60B08BB253CD7770053C558 /* SelfSizingCell.swift */; };
		D60B08BE253CDA0D0053C558 /* LabelCell.swift in Sources */ = {isa = PBXBuildFile; fileRef = D60B08BD253CDA0D0053C558 /* LabelCell.swift */; };
		D61EEACF253B4B2900EF8B3B /* DefinitionsViewController.swift in Sources */ = {isa = PBXBuildFile; fileRef = D61EEACE253B4B2800EF8B3B /* DefinitionsViewController.swift */; };
		D61EEAD1253B4BF200EF8B3B /* AppComponent.swift in Sources */ = {isa = PBXBuildFile; fileRef = D61EEAD0253B4BF200EF8B3B /* AppComponent.swift */; };
		D61EEAD3253B531700EF8B3B /* AppModule.swift in Sources */ = {isa = PBXBuildFile; fileRef = D61EEAD2253B531700EF8B3B /* AppModule.swift */; };
		D61EEAD5253B534300EF8B3B /* SingletonScope.swift in Sources */ = {isa = PBXBuildFile; fileRef = D61EEAD4253B534200EF8B3B /* SingletonScope.swift */; };
		D61EEADA253B76D100EF8B3B /* DefinitionsComponent.swift in Sources */ = {isa = PBXBuildFile; fileRef = D61EEAD9253B76D100EF8B3B /* DefinitionsComponent.swift */; };
		D61EEADC253B77A200EF8B3B /* App.swift in Sources */ = {isa = PBXBuildFile; fileRef = D61EEADB253B77A200EF8B3B /* App.swift */; };
		D630B37825407C6C0035D95E /* WordDefinitionBlueprint.swift in Sources */ = {isa = PBXBuildFile; fileRef = D630B37725407C6C0035D95E /* WordDefinitionBlueprint.swift */; };
		D630B37A2540B7350035D95E /* Blueprint.swift in Sources */ = {isa = PBXBuildFile; fileRef = D630B3792540B7350035D95E /* Blueprint.swift */; };
		D630B37C2540B7910035D95E /* ItemViewBinder.swift in Sources */ = {isa = PBXBuildFile; fileRef = D630B37B2540B7910035D95E /* ItemViewBinder.swift */; };
		D630B37E2540BBC00035D95E /* DefinitionsDisplayModeBlueprint.swift in Sources */ = {isa = PBXBuildFile; fileRef = D630B37D2540BBC00035D95E /* DefinitionsDisplayModeBlueprint.swift */; };
		D630B3802540BC1A0035D95E /* DefinitionsDisplayModeCell.swift in Sources */ = {isa = PBXBuildFile; fileRef = D630B37F2540BC1A0035D95E /* DefinitionsDisplayModeCell.swift */; };
		D630B38425418E390035D95E /* NSLayoutConstraint.swift in Sources */ = {isa = PBXBuildFile; fileRef = D630B38325418E390035D95E /* NSLayoutConstraint.swift */; };
		D630B3872541ADC30035D95E /* UICollectionViewCell.swift in Sources */ = {isa = PBXBuildFile; fileRef = D630B3862541ADC30035D95E /* UICollectionViewCell.swift */; };
		D630B38A2541B7E80035D95E /* DefinitionsModule.swift in Sources */ = {isa = PBXBuildFile; fileRef = D630B3892541B7E80035D95E /* DefinitionsModule.swift */; };
		D66AD9DC2541FEBB00FA02E5 /* WordExampleBlueprint.swift in Sources */ = {isa = PBXBuildFile; fileRef = D66AD9DB2541FEBB00FA02E5 /* WordExampleBlueprint.swift */; };
		D66AD9E02543461B00FA02E5 /* Style.swift in Sources */ = {isa = PBXBuildFile; fileRef = D66AD9DF2543461B00FA02E5 /* Style.swift */; };
		D66AD9E22543501500FA02E5 /* WordDividerBlueprint.swift in Sources */ = {isa = PBXBuildFile; fileRef = D66AD9E12543501500FA02E5 /* WordDividerBlueprint.swift */; };
		D66AD9E4254351EB00FA02E5 /* DividerCell.swift in Sources */ = {isa = PBXBuildFile; fileRef = D66AD9E3254351EB00FA02E5 /* DividerCell.swift */; };
		D66AD9E62543557C00FA02E5 /* WordPartOfSpeechBlueprint.swift in Sources */ = {isa = PBXBuildFile; fileRef = D66AD9E52543557C00FA02E5 /* WordPartOfSpeechBlueprint.swift */; };
		D66AD9E8254355F600FA02E5 /* WordSubHeaderBlueprint.swift in Sources */ = {isa = PBXBuildFile; fileRef = D66AD9E7254355F600FA02E5 /* WordSubHeaderBlueprint.swift */; };
		D66AD9EA254356B000FA02E5 /* WordSynonymBlueprint.swift in Sources */ = {isa = PBXBuildFile; fileRef = D66AD9E9254356B000FA02E5 /* WordSynonymBlueprint.swift */; };
		D66AD9EC254356DD00FA02E5 /* WordTitleBlueprint.swift in Sources */ = {isa = PBXBuildFile; fileRef = D66AD9EB254356DD00FA02E5 /* WordTitleBlueprint.swift */; };
		D66AD9EE2543573D00FA02E5 /* WordTranscriptionBlueprint.swift in Sources */ = {isa = PBXBuildFile; fileRef = D66AD9ED2543573D00FA02E5 /* WordTranscriptionBlueprint.swift */; };
		D66AD9F0254F256E00FA02E5 /* UIFontDescriptor.swift in Sources */ = {isa = PBXBuildFile; fileRef = D66AD9EF254F256E00FA02E5 /* UIFontDescriptor.swift */; };
		F668C22F1954FAF7379E9B58 /* libPods-iosApp.a in Frameworks */ = {isa = PBXBuildFile; fileRef = BB84C1F6F0E0144727FE502A /* libPods-iosApp.a */; };
/* End PBXBuildFile section */

/* Begin PBXContainerItemProxy section */
		7555FF92242A565B00829871 /* PBXContainerItemProxy */ = {
			isa = PBXContainerItemProxy;
			containerPortal = 7555FF73242A565900829871 /* Project object */;
			proxyType = 1;
			remoteGlobalIDString = 7555FF7A242A565900829871;
			remoteInfo = iosApp;
		};
		7555FF9D242A565B00829871 /* PBXContainerItemProxy */ = {
			isa = PBXContainerItemProxy;
			containerPortal = 7555FF73242A565900829871 /* Project object */;
			proxyType = 1;
			remoteGlobalIDString = 7555FF7A242A565900829871;
			remoteInfo = iosApp;
		};
/* End PBXContainerItemProxy section */

/* Begin PBXCopyFilesBuildPhase section */
		7555FFB4242A642300829871 /* Embed Frameworks */ = {
			isa = PBXCopyFilesBuildPhase;
			buildActionMask = 2147483647;
			dstPath = "";
			dstSubfolderSpec = 10;
			files = (
				7555FFB3242A642300829871 /* shared.framework in Embed Frameworks */,
			);
			name = "Embed Frameworks";
			runOnlyForDeploymentPostprocessing = 0;
		};
/* End PBXCopyFilesBuildPhase section */

/* Begin PBXFileReference section */
		74C88E66E473911227FB0100 /* Pods-iosApp.debug.xcconfig */ = {isa = PBXFileReference; includeInIndex = 1; lastKnownFileType = text.xcconfig; name = "Pods-iosApp.debug.xcconfig"; path = "Target Support Files/Pods-iosApp/Pods-iosApp.debug.xcconfig"; sourceTree = "<group>"; };
		7555FF7B242A565900829871 /* iosApp.app */ = {isa = PBXFileReference; explicitFileType = wrapper.application; includeInIndex = 0; path = iosApp.app; sourceTree = BUILT_PRODUCTS_DIR; };
		7555FF7E242A565900829871 /* AppDelegate.swift */ = {isa = PBXFileReference; lastKnownFileType = sourcecode.swift; path = AppDelegate.swift; sourceTree = "<group>"; };
		7555FF80242A565900829871 /* SceneDelegate.swift */ = {isa = PBXFileReference; lastKnownFileType = sourcecode.swift; path = SceneDelegate.swift; sourceTree = "<group>"; };
		7555FF84242A565B00829871 /* Assets.xcassets */ = {isa = PBXFileReference; lastKnownFileType = folder.assetcatalog; path = Assets.xcassets; sourceTree = "<group>"; };
		7555FF87242A565B00829871 /* Preview Assets.xcassets */ = {isa = PBXFileReference; lastKnownFileType = folder.assetcatalog; path = "Preview Assets.xcassets"; sourceTree = "<group>"; };
		7555FF8A242A565B00829871 /* Base */ = {isa = PBXFileReference; lastKnownFileType = file.storyboard; name = Base; path = Base.lproj/LaunchScreen.storyboard; sourceTree = "<group>"; };
		7555FF8C242A565B00829871 /* Info.plist */ = {isa = PBXFileReference; lastKnownFileType = text.plist.xml; path = Info.plist; sourceTree = "<group>"; };
		7555FF91242A565B00829871 /* iosAppTests.xctest */ = {isa = PBXFileReference; explicitFileType = wrapper.cfbundle; includeInIndex = 0; path = iosAppTests.xctest; sourceTree = BUILT_PRODUCTS_DIR; };
		7555FF95242A565B00829871 /* iosAppTests.swift */ = {isa = PBXFileReference; lastKnownFileType = sourcecode.swift; path = iosAppTests.swift; sourceTree = "<group>"; };
		7555FF97242A565B00829871 /* Info.plist */ = {isa = PBXFileReference; lastKnownFileType = text.plist.xml; path = Info.plist; sourceTree = "<group>"; };
		7555FF9C242A565B00829871 /* iosAppUITests.xctest */ = {isa = PBXFileReference; explicitFileType = wrapper.cfbundle; includeInIndex = 0; path = iosAppUITests.xctest; sourceTree = BUILT_PRODUCTS_DIR; };
		7555FFA0242A565B00829871 /* iosAppUITests.swift */ = {isa = PBXFileReference; lastKnownFileType = sourcecode.swift; path = iosAppUITests.swift; sourceTree = "<group>"; };
		7555FFA2242A565B00829871 /* Info.plist */ = {isa = PBXFileReference; lastKnownFileType = text.plist.xml; path = Info.plist; sourceTree = "<group>"; };
		7555FFB1242A642300829871 /* shared.framework */ = {isa = PBXFileReference; lastKnownFileType = wrapper.framework; name = shared.framework; path = "../shared/build/xcode-frameworks/shared.framework"; sourceTree = "<group>"; };
		7DAFF2873FB8E4A8C45D9D4B /* Pods-iosApp.release.xcconfig */ = {isa = PBXFileReference; includeInIndex = 1; lastKnownFileType = text.xcconfig; name = "Pods-iosApp.release.xcconfig"; path = "Target Support Files/Pods-iosApp/Pods-iosApp.release.xcconfig"; sourceTree = "<group>"; };
		BB84C1F6F0E0144727FE502A /* libPods-iosApp.a */ = {isa = PBXFileReference; explicitFileType = archive.ar; includeInIndex = 0; path = "libPods-iosApp.a"; sourceTree = BUILT_PRODUCTS_DIR; };
		D60B08B5253CCD840053C558 /* DefinitionsViewController.xib */ = {isa = PBXFileReference; lastKnownFileType = file.xib; path = DefinitionsViewController.xib; sourceTree = "<group>"; };
		D60B08B8253CD12F0053C558 /* SimpleAdapter.swift */ = {isa = PBXFileReference; lastKnownFileType = sourcecode.swift; path = SimpleAdapter.swift; sourceTree = "<group>"; };
		D60B08BB253CD7770053C558 /* SelfSizingCell.swift */ = {isa = PBXFileReference; lastKnownFileType = sourcecode.swift; path = SelfSizingCell.swift; sourceTree = "<group>"; };
		D60B08BD253CDA0D0053C558 /* LabelCell.swift */ = {isa = PBXFileReference; lastKnownFileType = sourcecode.swift; path = LabelCell.swift; sourceTree = "<group>"; };
		D61EEACE253B4B2800EF8B3B /* DefinitionsViewController.swift */ = {isa = PBXFileReference; lastKnownFileType = sourcecode.swift; path = DefinitionsViewController.swift; sourceTree = "<group>"; };
		D61EEAD0253B4BF200EF8B3B /* AppComponent.swift */ = {isa = PBXFileReference; lastKnownFileType = sourcecode.swift; path = AppComponent.swift; sourceTree = "<group>"; };
		D61EEAD2253B531700EF8B3B /* AppModule.swift */ = {isa = PBXFileReference; lastKnownFileType = sourcecode.swift; path = AppModule.swift; sourceTree = "<group>"; };
		D61EEAD4253B534200EF8B3B /* SingletonScope.swift */ = {isa = PBXFileReference; lastKnownFileType = sourcecode.swift; path = SingletonScope.swift; sourceTree = "<group>"; };
		D61EEAD9253B76D100EF8B3B /* DefinitionsComponent.swift */ = {isa = PBXFileReference; lastKnownFileType = sourcecode.swift; path = DefinitionsComponent.swift; sourceTree = "<group>"; };
		D61EEADB253B77A200EF8B3B /* App.swift */ = {isa = PBXFileReference; lastKnownFileType = sourcecode.swift; path = App.swift; sourceTree = "<group>"; };
		D630B37725407C6C0035D95E /* WordDefinitionBlueprint.swift */ = {isa = PBXFileReference; lastKnownFileType = sourcecode.swift; path = WordDefinitionBlueprint.swift; sourceTree = "<group>"; };
		D630B3792540B7350035D95E /* Blueprint.swift */ = {isa = PBXFileReference; lastKnownFileType = sourcecode.swift; path = Blueprint.swift; sourceTree = "<group>"; };
		D630B37B2540B7910035D95E /* ItemViewBinder.swift */ = {isa = PBXFileReference; lastKnownFileType = sourcecode.swift; path = ItemViewBinder.swift; sourceTree = "<group>"; };
		D630B37D2540BBC00035D95E /* DefinitionsDisplayModeBlueprint.swift */ = {isa = PBXFileReference; lastKnownFileType = sourcecode.swift; path = DefinitionsDisplayModeBlueprint.swift; sourceTree = "<group>"; };
		D630B37F2540BC1A0035D95E /* DefinitionsDisplayModeCell.swift */ = {isa = PBXFileReference; lastKnownFileType = sourcecode.swift; path = DefinitionsDisplayModeCell.swift; sourceTree = "<group>"; };
		D630B38325418E390035D95E /* NSLayoutConstraint.swift */ = {isa = PBXFileReference; lastKnownFileType = sourcecode.swift; path = NSLayoutConstraint.swift; sourceTree = "<group>"; };
		D630B3862541ADC30035D95E /* UICollectionViewCell.swift */ = {isa = PBXFileReference; lastKnownFileType = sourcecode.swift; path = UICollectionViewCell.swift; sourceTree = "<group>"; };
		D630B3892541B7E80035D95E /* DefinitionsModule.swift */ = {isa = PBXFileReference; lastKnownFileType = sourcecode.swift; path = DefinitionsModule.swift; sourceTree = "<group>"; };
		D66AD9DB2541FEBB00FA02E5 /* WordExampleBlueprint.swift */ = {isa = PBXFileReference; lastKnownFileType = sourcecode.swift; path = WordExampleBlueprint.swift; sourceTree = "<group>"; };
		D66AD9DF2543461B00FA02E5 /* Style.swift */ = {isa = PBXFileReference; lastKnownFileType = sourcecode.swift; path = Style.swift; sourceTree = "<group>"; };
		D66AD9E12543501500FA02E5 /* WordDividerBlueprint.swift */ = {isa = PBXFileReference; lastKnownFileType = sourcecode.swift; path = WordDividerBlueprint.swift; sourceTree = "<group>"; };
		D66AD9E3254351EB00FA02E5 /* DividerCell.swift */ = {isa = PBXFileReference; lastKnownFileType = sourcecode.swift; path = DividerCell.swift; sourceTree = "<group>"; };
		D66AD9E52543557C00FA02E5 /* WordPartOfSpeechBlueprint.swift */ = {isa = PBXFileReference; lastKnownFileType = sourcecode.swift; path = WordPartOfSpeechBlueprint.swift; sourceTree = "<group>"; };
		D66AD9E7254355F600FA02E5 /* WordSubHeaderBlueprint.swift */ = {isa = PBXFileReference; lastKnownFileType = sourcecode.swift; path = WordSubHeaderBlueprint.swift; sourceTree = "<group>"; };
		D66AD9E9254356B000FA02E5 /* WordSynonymBlueprint.swift */ = {isa = PBXFileReference; lastKnownFileType = sourcecode.swift; path = WordSynonymBlueprint.swift; sourceTree = "<group>"; };
		D66AD9EB254356DD00FA02E5 /* WordTitleBlueprint.swift */ = {isa = PBXFileReference; lastKnownFileType = sourcecode.swift; path = WordTitleBlueprint.swift; sourceTree = "<group>"; };
		D66AD9ED2543573D00FA02E5 /* WordTranscriptionBlueprint.swift */ = {isa = PBXFileReference; lastKnownFileType = sourcecode.swift; path = WordTranscriptionBlueprint.swift; sourceTree = "<group>"; };
		D66AD9EF254F256E00FA02E5 /* UIFontDescriptor.swift */ = {isa = PBXFileReference; lastKnownFileType = sourcecode.swift; path = UIFontDescriptor.swift; sourceTree = "<group>"; };
/* End PBXFileReference section */

/* Begin PBXFrameworksBuildPhase section */
		7555FF78242A565900829871 /* Frameworks */ = {
			isa = PBXFrameworksBuildPhase;
			buildActionMask = 2147483647;
			files = (
				7555FFB2242A642300829871 /* shared.framework in Frameworks */,
				F668C22F1954FAF7379E9B58 /* libPods-iosApp.a in Frameworks */,
			);
			runOnlyForDeploymentPostprocessing = 0;
		};
		7555FF8E242A565B00829871 /* Frameworks */ = {
			isa = PBXFrameworksBuildPhase;
			buildActionMask = 2147483647;
			files = (
			);
			runOnlyForDeploymentPostprocessing = 0;
		};
		7555FF99242A565B00829871 /* Frameworks */ = {
			isa = PBXFrameworksBuildPhase;
			buildActionMask = 2147483647;
			files = (
			);
			runOnlyForDeploymentPostprocessing = 0;
		};
/* End PBXFrameworksBuildPhase section */

/* Begin PBXGroup section */
		4D69472C39CD81E8677543E6 /* Pods */ = {
			isa = PBXGroup;
			children = (
				74C88E66E473911227FB0100 /* Pods-iosApp.debug.xcconfig */,
				7DAFF2873FB8E4A8C45D9D4B /* Pods-iosApp.release.xcconfig */,
			);
			path = Pods;
			sourceTree = "<group>";
		};
		7555FF72242A565900829871 = {
			isa = PBXGroup;
			children = (
				7555FF7D242A565900829871 /* iosApp */,
				7555FF94242A565B00829871 /* iosAppTests */,
				7555FF9F242A565B00829871 /* iosAppUITests */,
				7555FF7C242A565900829871 /* Products */,
				7555FFB0242A642200829871 /* Frameworks */,
				4D69472C39CD81E8677543E6 /* Pods */,
			);
			sourceTree = "<group>";
		};
		7555FF7C242A565900829871 /* Products */ = {
			isa = PBXGroup;
			children = (
				7555FF7B242A565900829871 /* iosApp.app */,
				7555FF91242A565B00829871 /* iosAppTests.xctest */,
				7555FF9C242A565B00829871 /* iosAppUITests.xctest */,
			);
			name = Products;
			sourceTree = "<group>";
		};
		7555FF7D242A565900829871 /* iosApp */ = {
			isa = PBXGroup;
			children = (
				D60B08B7253CD11B0053C558 /* General */,
				D61EEAD6253B769100EF8B3B /* Features */,
				D61EEACD253AF6A400EF8B3B /* DI */,
				D61EEADB253B77A200EF8B3B /* App.swift */,
				7555FF7E242A565900829871 /* AppDelegate.swift */,
				7555FF80242A565900829871 /* SceneDelegate.swift */,
				7555FF84242A565B00829871 /* Assets.xcassets */,
				7555FF89242A565B00829871 /* LaunchScreen.storyboard */,
				7555FF8C242A565B00829871 /* Info.plist */,
				7555FF86242A565B00829871 /* Preview Content */,
			);
			path = iosApp;
			sourceTree = "<group>";
		};
		7555FF86242A565B00829871 /* Preview Content */ = {
			isa = PBXGroup;
			children = (
				7555FF87242A565B00829871 /* Preview Assets.xcassets */,
			);
			path = "Preview Content";
			sourceTree = "<group>";
		};
		7555FF94242A565B00829871 /* iosAppTests */ = {
			isa = PBXGroup;
			children = (
				7555FF95242A565B00829871 /* iosAppTests.swift */,
				7555FF97242A565B00829871 /* Info.plist */,
			);
			path = iosAppTests;
			sourceTree = "<group>";
		};
		7555FF9F242A565B00829871 /* iosAppUITests */ = {
			isa = PBXGroup;
			children = (
				7555FFA0242A565B00829871 /* iosAppUITests.swift */,
				7555FFA2242A565B00829871 /* Info.plist */,
			);
			path = iosAppUITests;
			sourceTree = "<group>";
		};
		7555FFB0242A642200829871 /* Frameworks */ = {
			isa = PBXGroup;
			children = (
				7555FFB1242A642300829871 /* shared.framework */,
				BB84C1F6F0E0144727FE502A /* libPods-iosApp.a */,
			);
			name = Frameworks;
			sourceTree = "<group>";
		};
		D60B08B7253CD11B0053C558 /* General */ = {
			isa = PBXGroup;
			children = (
				D630B3852541ADAB0035D95E /* Extensions */,
				D60B08BB253CD7770053C558 /* SelfSizingCell.swift */,
				D630B3792540B7350035D95E /* Blueprint.swift */,
				D60B08B8253CD12F0053C558 /* SimpleAdapter.swift */,
				D630B37B2540B7910035D95E /* ItemViewBinder.swift */,
			);
			path = General;
			sourceTree = "<group>";
		};
		D60B08BA253CD7670053C558 /* Blueprints */ = {
			isa = PBXGroup;
			children = (
				D60B08BD253CDA0D0053C558 /* LabelCell.swift */,
				D66AD9E3254351EB00FA02E5 /* DividerCell.swift */,
				D630B37F2540BC1A0035D95E /* DefinitionsDisplayModeCell.swift */,
				D630B37725407C6C0035D95E /* WordDefinitionBlueprint.swift */,
				D630B37D2540BBC00035D95E /* DefinitionsDisplayModeBlueprint.swift */,
				D66AD9DB2541FEBB00FA02E5 /* WordExampleBlueprint.swift */,
				D66AD9E12543501500FA02E5 /* WordDividerBlueprint.swift */,
				D66AD9E52543557C00FA02E5 /* WordPartOfSpeechBlueprint.swift */,
				D66AD9E7254355F600FA02E5 /* WordSubHeaderBlueprint.swift */,
				D66AD9E9254356B000FA02E5 /* WordSynonymBlueprint.swift */,
				D66AD9EB254356DD00FA02E5 /* WordTitleBlueprint.swift */,
				D66AD9ED2543573D00FA02E5 /* WordTranscriptionBlueprint.swift */,
			);
			path = Blueprints;
			sourceTree = "<group>";
		};
		D61EEACD253AF6A400EF8B3B /* DI */ = {
			isa = PBXGroup;
			children = (
				D61EEAD0253B4BF200EF8B3B /* AppComponent.swift */,
				D61EEAD2253B531700EF8B3B /* AppModule.swift */,
				D61EEAD4253B534200EF8B3B /* SingletonScope.swift */,
			);
			path = DI;
			sourceTree = "<group>";
		};
		D61EEAD6253B769100EF8B3B /* Features */ = {
			isa = PBXGroup;
			children = (
				D61EEAD7253B769900EF8B3B /* Definitions */,
				D66AD9DF2543461B00FA02E5 /* Style.swift */,
			);
			path = Features;
			sourceTree = "<group>";
		};
		D61EEAD7253B769900EF8B3B /* Definitions */ = {
			isa = PBXGroup;
			children = (
				D61EEAD8253B76B400EF8B3B /* DI */,
				D60B08BA253CD7670053C558 /* Blueprints */,
				D630B3882541AF4F0035D95E /* Views */,
			);
			path = Definitions;
			sourceTree = "<group>";
		};
		D61EEAD8253B76B400EF8B3B /* DI */ = {
			isa = PBXGroup;
			children = (
				D61EEAD9253B76D100EF8B3B /* DefinitionsComponent.swift */,
				D630B3892541B7E80035D95E /* DefinitionsModule.swift */,
			);
			path = DI;
			sourceTree = "<group>";
		};
		D630B3852541ADAB0035D95E /* Extensions */ = {
			isa = PBXGroup;
			children = (
				D630B38325418E390035D95E /* NSLayoutConstraint.swift */,
				D630B3862541ADC30035D95E /* UICollectionViewCell.swift */,
				D66AD9EF254F256E00FA02E5 /* UIFontDescriptor.swift */,
			);
			path = Extensions;
			sourceTree = "<group>";
		};
		D630B3882541AF4F0035D95E /* Views */ = {
			isa = PBXGroup;
			children = (
				D61EEACE253B4B2800EF8B3B /* DefinitionsViewController.swift */,
				D60B08B5253CCD840053C558 /* DefinitionsViewController.xib */,
			);
			path = Views;
			sourceTree = "<group>";
		};
/* End PBXGroup section */

/* Begin PBXNativeTarget section */
		7555FF7A242A565900829871 /* iosApp */ = {
			isa = PBXNativeTarget;
			buildConfigurationList = 7555FFA5242A565B00829871 /* Build configuration list for PBXNativeTarget "iosApp" */;
			buildPhases = (
				00D5C77F579137EAF8BA71F1 /* [CP] Check Pods Manifest.lock */,
				7555FFB5242A651A00829871 /* ShellScript */,
				7555FF77242A565900829871 /* Sources */,
				7555FF78242A565900829871 /* Frameworks */,
				7555FF79242A565900829871 /* Resources */,
				7555FFB4242A642300829871 /* Embed Frameworks */,
			);
			buildRules = (
			);
			dependencies = (
			);
			name = iosApp;
			productName = iosApp;
			productReference = 7555FF7B242A565900829871 /* iosApp.app */;
			productType = "com.apple.product-type.application";
		};
		7555FF90242A565B00829871 /* iosAppTests */ = {
			isa = PBXNativeTarget;
			buildConfigurationList = 7555FFA8242A565B00829871 /* Build configuration list for PBXNativeTarget "iosAppTests" */;
			buildPhases = (
				7555FF8D242A565B00829871 /* Sources */,
				7555FF8E242A565B00829871 /* Frameworks */,
				7555FF8F242A565B00829871 /* Resources */,
			);
			buildRules = (
			);
			dependencies = (
				7555FF93242A565B00829871 /* PBXTargetDependency */,
			);
			name = iosAppTests;
			productName = iosAppTests;
			productReference = 7555FF91242A565B00829871 /* iosAppTests.xctest */;
			productType = "com.apple.product-type.bundle.unit-test";
		};
		7555FF9B242A565B00829871 /* iosAppUITests */ = {
			isa = PBXNativeTarget;
			buildConfigurationList = 7555FFAB242A565B00829871 /* Build configuration list for PBXNativeTarget "iosAppUITests" */;
			buildPhases = (
				7555FF98242A565B00829871 /* Sources */,
				7555FF99242A565B00829871 /* Frameworks */,
				7555FF9A242A565B00829871 /* Resources */,
			);
			buildRules = (
			);
			dependencies = (
				7555FF9E242A565B00829871 /* PBXTargetDependency */,
			);
			name = iosAppUITests;
			productName = iosAppUITests;
			productReference = 7555FF9C242A565B00829871 /* iosAppUITests.xctest */;
			productType = "com.apple.product-type.bundle.ui-testing";
		};
/* End PBXNativeTarget section */

/* Begin PBXProject section */
		7555FF73242A565900829871 /* Project object */ = {
			isa = PBXProject;
			attributes = {
				LastSwiftUpdateCheck = 1130;
				LastUpgradeCheck = 1130;
				ORGANIZATIONNAME = orgName;
				TargetAttributes = {
					7555FF7A242A565900829871 = {
						CreatedOnToolsVersion = 11.3.1;
					};
					7555FF90242A565B00829871 = {
						CreatedOnToolsVersion = 11.3.1;
						TestTargetID = 7555FF7A242A565900829871;
					};
					7555FF9B242A565B00829871 = {
						CreatedOnToolsVersion = 11.3.1;
						TestTargetID = 7555FF7A242A565900829871;
					};
				};
			};
			buildConfigurationList = 7555FF76242A565900829871 /* Build configuration list for PBXProject "iosApp" */;
			compatibilityVersion = "Xcode 9.3";
			developmentRegion = en;
			hasScannedForEncodings = 0;
			knownRegions = (
				en,
				Base,
			);
			mainGroup = 7555FF72242A565900829871;
			productRefGroup = 7555FF7C242A565900829871 /* Products */;
			projectDirPath = "";
			projectRoot = "";
			targets = (
				7555FF7A242A565900829871 /* iosApp */,
				7555FF90242A565B00829871 /* iosAppTests */,
				7555FF9B242A565B00829871 /* iosAppUITests */,
			);
		};
/* End PBXProject section */

/* Begin PBXResourcesBuildPhase section */
		7555FF79242A565900829871 /* Resources */ = {
			isa = PBXResourcesBuildPhase;
			buildActionMask = 2147483647;
			files = (
				7555FF8B242A565B00829871 /* LaunchScreen.storyboard in Resources */,
				D60B08B6253CCD840053C558 /* DefinitionsViewController.xib in Resources */,
				7555FF88242A565B00829871 /* Preview Assets.xcassets in Resources */,
				7555FF85242A565B00829871 /* Assets.xcassets in Resources */,
			);
			runOnlyForDeploymentPostprocessing = 0;
		};
		7555FF8F242A565B00829871 /* Resources */ = {
			isa = PBXResourcesBuildPhase;
			buildActionMask = 2147483647;
			files = (
			);
			runOnlyForDeploymentPostprocessing = 0;
		};
		7555FF9A242A565B00829871 /* Resources */ = {
			isa = PBXResourcesBuildPhase;
			buildActionMask = 2147483647;
			files = (
			);
			runOnlyForDeploymentPostprocessing = 0;
		};
/* End PBXResourcesBuildPhase section */

/* Begin PBXShellScriptBuildPhase section */
		00D5C77F579137EAF8BA71F1 /* [CP] Check Pods Manifest.lock */ = {
			isa = PBXShellScriptBuildPhase;
			buildActionMask = 2147483647;
			files = (
			);
			inputFileListPaths = (
			);
			inputPaths = (
				"${PODS_PODFILE_DIR_PATH}/Podfile.lock",
				"${PODS_ROOT}/Manifest.lock",
			);
			name = "[CP] Check Pods Manifest.lock";
			outputFileListPaths = (
			);
			outputPaths = (
				"$(DERIVED_FILE_DIR)/Pods-iosApp-checkManifestLockResult.txt",
			);
			runOnlyForDeploymentPostprocessing = 0;
			shellPath = /bin/sh;
			shellScript = "diff \"${PODS_PODFILE_DIR_PATH}/Podfile.lock\" \"${PODS_ROOT}/Manifest.lock\" > /dev/null\nif [ $? != 0 ] ; then\n    # print error to STDERR\n    echo \"error: The sandbox is not in sync with the Podfile.lock. Run 'pod install' or update your CocoaPods installation.\" >&2\n    exit 1\nfi\n# This output is used by Xcode 'outputs' to avoid re-running this script phase.\necho \"SUCCESS\" > \"${SCRIPT_OUTPUT_FILE_0}\"\n";
			showEnvVarsInLog = 0;
		};
		7555FFB5242A651A00829871 /* ShellScript */ = {
			isa = PBXShellScriptBuildPhase;
			buildActionMask = 2147483647;
			files = (
			);
			inputFileListPaths = (
			);
			inputPaths = (
			);
			outputFileListPaths = (
			);
			outputPaths = (
			);
			runOnlyForDeploymentPostprocessing = 0;
			shellPath = /bin/sh;
			shellScript = "cd \"$SRCROOT/..\"\n./gradlew :shared:packForXCode -PXCODE_CONFIGURATION=${CONFIGURATION}\n";
		};
/* End PBXShellScriptBuildPhase section */

/* Begin PBXSourcesBuildPhase section */
		7555FF77242A565900829871 /* Sources */ = {
			isa = PBXSourcesBuildPhase;
			buildActionMask = 2147483647;
			files = (
				D630B38A2541B7E80035D95E /* DefinitionsModule.swift in Sources */,
				D630B37E2540BBC00035D95E /* DefinitionsDisplayModeBlueprint.swift in Sources */,
				D66AD9F0254F256E00FA02E5 /* UIFontDescriptor.swift in Sources */,
				D66AD9DC2541FEBB00FA02E5 /* WordExampleBlueprint.swift in Sources */,
				D66AD9E22543501500FA02E5 /* WordDividerBlueprint.swift in Sources */,
				D66AD9E02543461B00FA02E5 /* Style.swift in Sources */,
				D61EEADC253B77A200EF8B3B /* App.swift in Sources */,
				D66AD9EC254356DD00FA02E5 /* WordTitleBlueprint.swift in Sources */,
				D61EEAD1253B4BF200EF8B3B /* AppComponent.swift in Sources */,
				7555FF7F242A565900829871 /* AppDelegate.swift in Sources */,
				D630B37C2540B7910035D95E /* ItemViewBinder.swift in Sources */,
				D630B3802540BC1A0035D95E /* DefinitionsDisplayModeCell.swift in Sources */,
				D61EEACF253B4B2900EF8B3B /* DefinitionsViewController.swift in Sources */,
				D66AD9EE2543573D00FA02E5 /* WordTranscriptionBlueprint.swift in Sources */,
				D66AD9EA254356B000FA02E5 /* WordSynonymBlueprint.swift in Sources */,
				D60B08B9253CD12F0053C558 /* SimpleAdapter.swift in Sources */,
				D630B37A2540B7350035D95E /* Blueprint.swift in Sources */,
				D630B38425418E390035D95E /* NSLayoutConstraint.swift in Sources */,
				D60B08BC253CD7770053C558 /* SelfSizingCell.swift in Sources */,
				D66AD9E8254355F600FA02E5 /* WordSubHeaderBlueprint.swift in Sources */,
				D66AD9E62543557C00FA02E5 /* WordPartOfSpeechBlueprint.swift in Sources */,
				D630B37825407C6C0035D95E /* WordDefinitionBlueprint.swift in Sources */,
				7555FF81242A565900829871 /* SceneDelegate.swift in Sources */,
				D66AD9E4254351EB00FA02E5 /* DividerCell.swift in Sources */,
				D61EEADA253B76D100EF8B3B /* DefinitionsComponent.swift in Sources */,
				D630B3872541ADC30035D95E /* UICollectionViewCell.swift in Sources */,
				D61EEAD5253B534300EF8B3B /* SingletonScope.swift in Sources */,
				D61EEAD3253B531700EF8B3B /* AppModule.swift in Sources */,
				D60B08BE253CDA0D0053C558 /* LabelCell.swift in Sources */,
			);
			runOnlyForDeploymentPostprocessing = 0;
		};
		7555FF8D242A565B00829871 /* Sources */ = {
			isa = PBXSourcesBuildPhase;
			buildActionMask = 2147483647;
			files = (
				7555FF96242A565B00829871 /* iosAppTests.swift in Sources */,
			);
			runOnlyForDeploymentPostprocessing = 0;
		};
		7555FF98242A565B00829871 /* Sources */ = {
			isa = PBXSourcesBuildPhase;
			buildActionMask = 2147483647;
			files = (
				7555FFA1242A565B00829871 /* iosAppUITests.swift in Sources */,
			);
			runOnlyForDeploymentPostprocessing = 0;
		};
/* End PBXSourcesBuildPhase section */

/* Begin PBXTargetDependency section */
		7555FF93242A565B00829871 /* PBXTargetDependency */ = {
			isa = PBXTargetDependency;
			target = 7555FF7A242A565900829871 /* iosApp */;
			targetProxy = 7555FF92242A565B00829871 /* PBXContainerItemProxy */;
		};
		7555FF9E242A565B00829871 /* PBXTargetDependency */ = {
			isa = PBXTargetDependency;
			target = 7555FF7A242A565900829871 /* iosApp */;
			targetProxy = 7555FF9D242A565B00829871 /* PBXContainerItemProxy */;
		};
/* End PBXTargetDependency section */

/* Begin PBXVariantGroup section */
		7555FF89242A565B00829871 /* LaunchScreen.storyboard */ = {
			isa = PBXVariantGroup;
			children = (
				7555FF8A242A565B00829871 /* Base */,
			);
			name = LaunchScreen.storyboard;
			sourceTree = "<group>";
		};
/* End PBXVariantGroup section */

/* Begin XCBuildConfiguration section */
		7555FFA3242A565B00829871 /* Debug */ = {
			isa = XCBuildConfiguration;
			buildSettings = {
				ALWAYS_SEARCH_USER_PATHS = NO;
				CLANG_ANALYZER_NONNULL = YES;
				CLANG_ANALYZER_NUMBER_OBJECT_CONVERSION = YES_AGGRESSIVE;
				CLANG_CXX_LANGUAGE_STANDARD = "gnu++14";
				CLANG_CXX_LIBRARY = "libc++";
				CLANG_ENABLE_MODULES = YES;
				CLANG_ENABLE_OBJC_ARC = YES;
				CLANG_ENABLE_OBJC_WEAK = YES;
				CLANG_WARN_BLOCK_CAPTURE_AUTORELEASING = YES;
				CLANG_WARN_BOOL_CONVERSION = YES;
				CLANG_WARN_COMMA = YES;
				CLANG_WARN_CONSTANT_CONVERSION = YES;
				CLANG_WARN_DEPRECATED_OBJC_IMPLEMENTATIONS = YES;
				CLANG_WARN_DIRECT_OBJC_ISA_USAGE = YES_ERROR;
				CLANG_WARN_DOCUMENTATION_COMMENTS = YES;
				CLANG_WARN_EMPTY_BODY = YES;
				CLANG_WARN_ENUM_CONVERSION = YES;
				CLANG_WARN_INFINITE_RECURSION = YES;
				CLANG_WARN_INT_CONVERSION = YES;
				CLANG_WARN_NON_LITERAL_NULL_CONVERSION = YES;
				CLANG_WARN_OBJC_IMPLICIT_RETAIN_SELF = YES;
				CLANG_WARN_OBJC_LITERAL_CONVERSION = YES;
				CLANG_WARN_OBJC_ROOT_CLASS = YES_ERROR;
				CLANG_WARN_RANGE_LOOP_ANALYSIS = YES;
				CLANG_WARN_STRICT_PROTOTYPES = YES;
				CLANG_WARN_SUSPICIOUS_MOVE = YES;
				CLANG_WARN_UNGUARDED_AVAILABILITY = YES_AGGRESSIVE;
				CLANG_WARN_UNREACHABLE_CODE = YES;
				CLANG_WARN__DUPLICATE_METHOD_MATCH = YES;
				COPY_PHASE_STRIP = NO;
				DEBUG_INFORMATION_FORMAT = "dwarf-with-dsym";
				ENABLE_STRICT_OBJC_MSGSEND = YES;
				ENABLE_TESTABILITY = YES;
				GCC_C_LANGUAGE_STANDARD = gnu11;
				GCC_DYNAMIC_NO_PIC = NO;
				GCC_NO_COMMON_BLOCKS = YES;
				GCC_OPTIMIZATION_LEVEL = 0;
				GCC_PREPROCESSOR_DEFINITIONS = (
					"DEBUG=1",
					"$(inherited)",
				);
				GCC_WARN_64_TO_32_BIT_CONVERSION = YES;
				GCC_WARN_ABOUT_RETURN_TYPE = YES_ERROR;
				GCC_WARN_UNDECLARED_SELECTOR = YES;
				GCC_WARN_UNINITIALIZED_AUTOS = YES_AGGRESSIVE;
				GCC_WARN_UNUSED_FUNCTION = YES;
				GCC_WARN_UNUSED_VARIABLE = YES;
				IPHONEOS_DEPLOYMENT_TARGET = 13.2;
				MTL_ENABLE_DEBUG_INFO = INCLUDE_SOURCE;
				MTL_FAST_MATH = YES;
				ONLY_ACTIVE_ARCH = YES;
				SDKROOT = iphoneos;
				SWIFT_ACTIVE_COMPILATION_CONDITIONS = DEBUG;
				SWIFT_OPTIMIZATION_LEVEL = "-Onone";
			};
			name = Debug;
		};
		7555FFA4242A565B00829871 /* Release */ = {
			isa = XCBuildConfiguration;
			buildSettings = {
				ALWAYS_SEARCH_USER_PATHS = NO;
				CLANG_ANALYZER_NONNULL = YES;
				CLANG_ANALYZER_NUMBER_OBJECT_CONVERSION = YES_AGGRESSIVE;
				CLANG_CXX_LANGUAGE_STANDARD = "gnu++14";
				CLANG_CXX_LIBRARY = "libc++";
				CLANG_ENABLE_MODULES = YES;
				CLANG_ENABLE_OBJC_ARC = YES;
				CLANG_ENABLE_OBJC_WEAK = YES;
				CLANG_WARN_BLOCK_CAPTURE_AUTORELEASING = YES;
				CLANG_WARN_BOOL_CONVERSION = YES;
				CLANG_WARN_COMMA = YES;
				CLANG_WARN_CONSTANT_CONVERSION = YES;
				CLANG_WARN_DEPRECATED_OBJC_IMPLEMENTATIONS = YES;
				CLANG_WARN_DIRECT_OBJC_ISA_USAGE = YES_ERROR;
				CLANG_WARN_DOCUMENTATION_COMMENTS = YES;
				CLANG_WARN_EMPTY_BODY = YES;
				CLANG_WARN_ENUM_CONVERSION = YES;
				CLANG_WARN_INFINITE_RECURSION = YES;
				CLANG_WARN_INT_CONVERSION = YES;
				CLANG_WARN_NON_LITERAL_NULL_CONVERSION = YES;
				CLANG_WARN_OBJC_IMPLICIT_RETAIN_SELF = YES;
				CLANG_WARN_OBJC_LITERAL_CONVERSION = YES;
				CLANG_WARN_OBJC_ROOT_CLASS = YES_ERROR;
				CLANG_WARN_RANGE_LOOP_ANALYSIS = YES;
				CLANG_WARN_STRICT_PROTOTYPES = YES;
				CLANG_WARN_SUSPICIOUS_MOVE = YES;
				CLANG_WARN_UNGUARDED_AVAILABILITY = YES_AGGRESSIVE;
				CLANG_WARN_UNREACHABLE_CODE = YES;
				CLANG_WARN__DUPLICATE_METHOD_MATCH = YES;
				COPY_PHASE_STRIP = NO;
				DEBUG_INFORMATION_FORMAT = "dwarf-with-dsym";
				ENABLE_NS_ASSERTIONS = NO;
				ENABLE_STRICT_OBJC_MSGSEND = YES;
				GCC_C_LANGUAGE_STANDARD = gnu11;
				GCC_NO_COMMON_BLOCKS = YES;
				GCC_WARN_64_TO_32_BIT_CONVERSION = YES;
				GCC_WARN_ABOUT_RETURN_TYPE = YES_ERROR;
				GCC_WARN_UNDECLARED_SELECTOR = YES;
				GCC_WARN_UNINITIALIZED_AUTOS = YES_AGGRESSIVE;
				GCC_WARN_UNUSED_FUNCTION = YES;
				GCC_WARN_UNUSED_VARIABLE = YES;
				IPHONEOS_DEPLOYMENT_TARGET = 13.2;
				MTL_ENABLE_DEBUG_INFO = NO;
				MTL_FAST_MATH = YES;
				SDKROOT = iphoneos;
				SWIFT_COMPILATION_MODE = wholemodule;
				SWIFT_OPTIMIZATION_LEVEL = "-O";
				VALIDATE_PRODUCT = YES;
			};
			name = Release;
		};
		7555FFA6242A565B00829871 /* Debug */ = {
			isa = XCBuildConfiguration;
			baseConfigurationReference = 74C88E66E473911227FB0100 /* Pods-iosApp.debug.xcconfig */;
			buildSettings = {
				ASSETCATALOG_COMPILER_APPICON_NAME = AppIcon;
				CODE_SIGN_STYLE = Automatic;
				DEVELOPMENT_ASSET_PATHS = "\"iosApp/Preview Content\"";
				DEVELOPMENT_TEAM = XP6VQC3J3R;
				ENABLE_PREVIEWS = YES;
				FRAMEWORK_SEARCH_PATHS = "$(SRCROOT)/../shared/build/xcode-frameworks";
				INFOPLIST_FILE = iosApp/Info.plist;
				LD_RUNPATH_SEARCH_PATHS = (
					"$(inherited)",
					"@executable_path/Frameworks",
				);
				PRODUCT_BUNDLE_IDENTIFIER = com.aglushkov.wordteacher.iosApp;
				PRODUCT_NAME = "$(TARGET_NAME)";
				SWIFT_VERSION = 5.0;
				TARGETED_DEVICE_FAMILY = "1,2";
			};
			name = Debug;
		};
		7555FFA7242A565B00829871 /* Release */ = {
			isa = XCBuildConfiguration;
			baseConfigurationReference = 7DAFF2873FB8E4A8C45D9D4B /* Pods-iosApp.release.xcconfig */;
			buildSettings = {
				ASSETCATALOG_COMPILER_APPICON_NAME = AppIcon;
				CODE_SIGN_STYLE = Automatic;
				DEVELOPMENT_ASSET_PATHS = "\"iosApp/Preview Content\"";
				DEVELOPMENT_TEAM = XP6VQC3J3R;
				ENABLE_PREVIEWS = YES;
				FRAMEWORK_SEARCH_PATHS = "$(SRCROOT)/../shared/build/xcode-frameworks";
				INFOPLIST_FILE = iosApp/Info.plist;
				LD_RUNPATH_SEARCH_PATHS = (
					"$(inherited)",
					"@executable_path/Frameworks",
				);
				PRODUCT_BUNDLE_IDENTIFIER = com.aglushkov.wordteacher.iosApp;
				PRODUCT_NAME = "$(TARGET_NAME)";
				SWIFT_VERSION = 5.0;
				TARGETED_DEVICE_FAMILY = "1,2";
			};
			name = Release;
		};
		7555FFA9242A565B00829871 /* Debug */ = {
			isa = XCBuildConfiguration;
			buildSettings = {
				ALWAYS_EMBED_SWIFT_STANDARD_LIBRARIES = YES;
				BUNDLE_LOADER = "$(TEST_HOST)";
				CODE_SIGN_STYLE = Automatic;
				INFOPLIST_FILE = iosAppTests/Info.plist;
				IPHONEOS_DEPLOYMENT_TARGET = 13.2;
				LD_RUNPATH_SEARCH_PATHS = (
					"$(inherited)",
					"@executable_path/Frameworks",
					"@loader_path/Frameworks",
				);
				PRODUCT_BUNDLE_IDENTIFIER = orgIdentifier.iosAppTests;
				PRODUCT_NAME = "$(TARGET_NAME)";
				SWIFT_VERSION = 5.0;
				TARGETED_DEVICE_FAMILY = "1,2";
				TEST_HOST = "$(BUILT_PRODUCTS_DIR)/iosApp.app/iosApp";
			};
			name = Debug;
		};
		7555FFAA242A565B00829871 /* Release */ = {
			isa = XCBuildConfiguration;
			buildSettings = {
				ALWAYS_EMBED_SWIFT_STANDARD_LIBRARIES = YES;
				BUNDLE_LOADER = "$(TEST_HOST)";
				CODE_SIGN_STYLE = Automatic;
				INFOPLIST_FILE = iosAppTests/Info.plist;
				IPHONEOS_DEPLOYMENT_TARGET = 13.2;
				LD_RUNPATH_SEARCH_PATHS = (
					"$(inherited)",
					"@executable_path/Frameworks",
					"@loader_path/Frameworks",
				);
				PRODUCT_BUNDLE_IDENTIFIER = orgIdentifier.iosAppTests;
				PRODUCT_NAME = "$(TARGET_NAME)";
				SWIFT_VERSION = 5.0;
				TARGETED_DEVICE_FAMILY = "1,2";
				TEST_HOST = "$(BUILT_PRODUCTS_DIR)/iosApp.app/iosApp";
			};
			name = Release;
		};
		7555FFAC242A565B00829871 /* Debug */ = {
			isa = XCBuildConfiguration;
			buildSettings = {
				ALWAYS_EMBED_SWIFT_STANDARD_LIBRARIES = YES;
				CODE_SIGN_STYLE = Automatic;
				INFOPLIST_FILE = iosAppUITests/Info.plist;
				LD_RUNPATH_SEARCH_PATHS = (
					"$(inherited)",
					"@executable_path/Frameworks",
					"@loader_path/Frameworks",
				);
				PRODUCT_BUNDLE_IDENTIFIER = orgIdentifier.iosAppUITests;
				PRODUCT_NAME = "$(TARGET_NAME)";
				SWIFT_VERSION = 5.0;
				TARGETED_DEVICE_FAMILY = "1,2";
				TEST_TARGET_NAME = iosApp;
			};
			name = Debug;
		};
		7555FFAD242A565B00829871 /* Release */ = {
			isa = XCBuildConfiguration;
			buildSettings = {
				ALWAYS_EMBED_SWIFT_STANDARD_LIBRARIES = YES;
				CODE_SIGN_STYLE = Automatic;
				INFOPLIST_FILE = iosAppUITests/Info.plist;
				LD_RUNPATH_SEARCH_PATHS = (
					"$(inherited)",
					"@executable_path/Frameworks",
					"@loader_path/Frameworks",
				);
				PRODUCT_BUNDLE_IDENTIFIER = orgIdentifier.iosAppUITests;
				PRODUCT_NAME = "$(TARGET_NAME)";
				SWIFT_VERSION = 5.0;
				TARGETED_DEVICE_FAMILY = "1,2";
				TEST_TARGET_NAME = iosApp;
			};
			name = Release;
		};
/* End XCBuildConfiguration section */

/* Begin XCConfigurationList section */
		7555FF76242A565900829871 /* Build configuration list for PBXProject "iosApp" */ = {
			isa = XCConfigurationList;
			buildConfigurations = (
				7555FFA3242A565B00829871 /* Debug */,
				7555FFA4242A565B00829871 /* Release */,
			);
			defaultConfigurationIsVisible = 0;
			defaultConfigurationName = Release;
		};
		7555FFA5242A565B00829871 /* Build configuration list for PBXNativeTarget "iosApp" */ = {
			isa = XCConfigurationList;
			buildConfigurations = (
				7555FFA6242A565B00829871 /* Debug */,
				7555FFA7242A565B00829871 /* Release */,
			);
			defaultConfigurationIsVisible = 0;
			defaultConfigurationName = Release;
		};
		7555FFA8242A565B00829871 /* Build configuration list for PBXNativeTarget "iosAppTests" */ = {
			isa = XCConfigurationList;
			buildConfigurations = (
				7555FFA9242A565B00829871 /* Debug */,
				7555FFAA242A565B00829871 /* Release */,
			);
			defaultConfigurationIsVisible = 0;
			defaultConfigurationName = Release;
		};
		7555FFAB242A565B00829871 /* Build configuration list for PBXNativeTarget "iosAppUITests" */ = {
			isa = XCConfigurationList;
			buildConfigurations = (
				7555FFAC242A565B00829871 /* Debug */,
				7555FFAD242A565B00829871 /* Release */,
			);
			defaultConfigurationIsVisible = 0;
			defaultConfigurationName = Release;
		};
/* End XCConfigurationList section */
	};
	rootObject = 7555FF73242A565900829871 /* Project object */;
}
