PODS:
  - Cleanse (4.2.6)
  - Reachability (3.2)
  - shared (1.0-SNAPSHOT):
    - Reachability (= 3.2)

DEPENDENCIES:
  - Cleanse (= 4.2.6)
  - shared (from `../shared`)

SPEC REPOS:
  trunk:
    - Cleanse
    - Reachability

EXTERNAL SOURCES:
  shared:
    :path: "../shared"

SPEC CHECKSUMS:
  Cleanse: 6bfc62033dcc0e5ba7992f410a5352ddd1283551
  Reachability: 33e18b67625424e47b6cde6d202dce689ad7af96
  shared: 36f9995d1bcc8478631e1bc83b38a573675a1e83

PODFILE CHECKSUM: 7bc57aeecf55687500a98cf55f96bf2ffdeb26bf

COCOAPODS: 1.10.1
