github.com/davecgh/go-spew v1.1.1/go.mod h1:J7Y8YcW2NihsgmVo/mv3lAwl/skON4iLHjSsI+c5H38=
github.com/nbio/xml v0.0.0-20250127210239-7f9281fed8c6 h1:gq7NUVMTeMfJLscyjyu0SUb6nDnXiGAyrAri0TMUE0E=
github.com/nbio/xml v0.0.0-20250127210239-7f9281fed8c6/go.mod h1:990JnYmJZFrx1vI1TALoD6/fCqnWlTx2FrPbYy2wi5I=
github.com/pkg/errors v0.9.1/go.mod h1:bwawxfHBFNV+L2hUp1rHADufV3IMtnDRdf1r5NINEl0=
github.com/pmezard/go-difflib v1.0.0/go.mod h1:iKH77koFhYxTK1pcRnkKkqfTogsbg7gZNVY4sRDYZ/4=
github.com/xdg-go/pbkdf2 v1.0.0/go.mod h1:jrpuAogTd400dnrH08LKmI/xc1MbPOebTwRqcT5RDeI=
go.mongodb.org/mongo-driver v1.17.2 h1:gvZyk8352qSfzyZ2UMWcpDpMSGEr1eqE4T793SqyhzM=
go.mongodb.org/mongo-driver v1.17.2/go.mod h1:Hy04i7O2kC4RS06ZrhPRqj/u4DTYkFDAAccj+rVKqgQ=
gopkg.in/yaml.v3 v3.0.1/go.mod h1:K4uyk7z7BCEPqu6E+C64Yfv1cQ7kz7rIZviUmN+EgEM=
